
Microsoft Visual Studio Solution File, Format Version 12.00
# Visual Studio Version 16
VisualStudioVersion = 16.0.30907.101
MinimumVisualStudioVersion = 10.0.40219.1
Project("{FAE04EC0-301F-11D3-BF4B-00C04F79EFBC}") = "GetToKnowClass", "GetToKnowClass.csproj", "{DFDDF0EF-FB79-4471-815C-FA14E2B56251}"
EndProject
Project("{2150E333-8FDC-42A3-9474-1A3956D46DE8}") = "Solution Items", "Solution Items", "{227DABA6-7F18-4A1A-A1D3-DB39DF80D32F}"
EndProject
Global
	GlobalSection(SolutionConfigurationPlatforms) = preSolution
		Debug|Any CPU = Debug|Any CPU
		Release|Any CPU = Release|Any CPU
	EndGlobalSection
	GlobalSection(ProjectConfigurationPlatforms) = postSolution
		{DFDDF0EF-FB79-4471-815C-FA14E2B56251}.Debug|Any CPU.ActiveCfg = Debug|Any CPU
		{DFDDF0EF-FB79-4471-815C-FA14E2B56251}.Debug|Any CPU.Build.0 = Debug|Any CPU
		{DFDDF0EF-FB79-4471-815C-FA14E2B56251}.Release|Any CPU.ActiveCfg = Release|Any CPU
		{DFDDF0EF-FB79-4471-815C-FA14E2B56251}.Release|Any CPU.Build.0 = Release|Any CPU
	EndGlobalSection
	GlobalSection(SolutionProperties) = preSolution
		HideSolutionNode = FALSE
	EndGlobalSection
	GlobalSection(ExtensibilityGlobals) = postSolution
		SolutionGuid = {9C164F61-CF5D-4AFD-8CFE-762E9FE2DC1C}
	EndGlobalSection
EndGlobal
